{
  "requires": true,
  "lockfileVersion": 1,
  "dependencies": {
    "bluebird": {
      "version": "3.7.1",
      "resolved": "https://registry.npmjs.org/bluebird/-/bluebird-3.7.1.tgz",
      "integrity": "sha512-DdmyoGCleJnkbp3nkbxTLJ18rjDsE4yCggEwKNXkeV123sPNfOCYeDoeuOY+F2FrSjO1YXcTU+dsy96KMy+gcg==",
      "dev": true
    },
    "serverless-scriptable-plugin": {
      "version": "1.0.4",
      "resolved": "https://registry.npmjs.org/serverless-scriptable-plugin/-/serverless-scriptable-plugin-1.0.4.tgz",
      "integrity": "sha512-bQQ2iY1GbZlDndXnnCN7TWunLN4tjIv0u3PXueW00bxpzFCBqag8UkDN+nUCls9qK9yaaiuV3zpAp7wiq5qOIA==",
      "dev": true,
      "requires": {
        "bluebird": "3.7.1"
      }
    }
  }
}
